
Microsoft Visual Studio Solution File, Format Version 12.00
# Visual Studio 2012
Project("{FAE04EC0-301F-11D3-BF4B-00C04F79EFBC}") = "Lab07", "Lab07\Lab07.csproj", "{C7F4DC99-60DE-4374-BEC8-04BEBDA6082D}"
EndProject
Global
	GlobalSection(SolutionConfigurationPlatforms) = preSolution
		Debug|iPhoneSimulator = Debug|iPhoneSimulator
		Release|iPhone = Release|iPhone
		Release|iPhoneSimulator = Release|iPhoneSimulator
		Debug|iPhone = Debug|iPhone
	EndGlobalSection
	GlobalSection(ProjectConfigurationPlatforms) = postSolution
		{C7F4DC99-60DE-4374-BEC8-04BEBDA6082D}.Debug|iPhoneSimulator.ActiveCfg = Debug|iPhoneSimulator
		{C7F4DC99-60DE-4374-BEC8-04BEBDA6082D}.Debug|iPhoneSimulator.Build.0 = Debug|iPhoneSimulator
		{C7F4DC99-60DE-4374-BEC8-04BEBDA6082D}.Release|iPhone.ActiveCfg = Release|iPhone
		{C7F4DC99-60DE-4374-BEC8-04BEBDA6082D}.Release|iPhone.Build.0 = Release|iPhone
		{C7F4DC99-60DE-4374-BEC8-04BEBDA6082D}.Release|iPhoneSimulator.ActiveCfg = Release|iPhoneSimulator
		{C7F4DC99-60DE-4374-BEC8-04BEBDA6082D}.Release|iPhoneSimulator.Build.0 = Release|iPhoneSimulator
		{C7F4DC99-60DE-4374-BEC8-04BEBDA6082D}.Debug|iPhone.ActiveCfg = Debug|iPhone
		{C7F4DC99-60DE-4374-BEC8-04BEBDA6082D}.Debug|iPhone.Build.0 = Debug|iPhone
	EndGlobalSection
EndGlobal
